
Microsoft Visual Studio Solution File, Format Version 12.00
# Visual Studio Version 16
VisualStudioVersion = 16.0.31205.134
MinimumVisualStudioVersion = 10.0.40219.1
Project("{888888A0-9F3D-457C-B088-3A5042F75D52}") = "palk", "palk.pyproj", "{71DB4713-03A7-4ACB-9C8C-1C39169EBA72}"
EndProject
Global
	GlobalSection(SolutionConfigurationPlatforms) = preSolution
		Debug|Any CPU = Debug|Any CPU
		Release|Any CPU = Release|Any CPU
	EndGlobalSection
	GlobalSection(ProjectConfigurationPlatforms) = postSolution
		{71DB4713-03A7-4ACB-9C8C-1C39169EBA72}.Debug|Any CPU.ActiveCfg = Debug|Any CPU
		{71DB4713-03A7-4ACB-9C8C-1C39169EBA72}.Release|Any CPU.ActiveCfg = Release|Any CPU
	EndGlobalSection
	GlobalSection(SolutionProperties) = preSolution
		HideSolutionNode = FALSE
	EndGlobalSection
	GlobalSection(ExtensibilityGlobals) = postSolution
		SolutionGuid = {6513DBF6-58C4-4CB2-93B9-C9F00FE594E5}
	EndGlobalSection
EndGlobal
